
Microsoft Visual Studio Solution File, Format Version 12.00
# Visual Studio Version 16
VisualStudioVersion = 16.0.32929.386
MinimumVisualStudioVersion = 10.0.40219.1
Project("{FAE04EC0-301F-11D3-BF4B-00C04F79EFBC}") = "test", "test\test.csproj", "{95C5BCA8-DD75-4B85-95F4-711D7D93C27D}"
EndProject
Global
	GlobalSection(SolutionConfigurationPlatforms) = preSolution
		Debug|Any CPU = Debug|Any CPU
		Release|Any CPU = Release|Any CPU
	EndGlobalSection
	GlobalSection(ProjectConfigurationPlatforms) = postSolution
		{95C5BCA8-DD75-4B85-95F4-711D7D93C27D}.Debug|Any CPU.ActiveCfg = Debug|Any CPU
		{95C5BCA8-DD75-4B85-95F4-711D7D93C27D}.Debug|Any CPU.Build.0 = Debug|Any CPU
		{95C5BCA8-DD75-4B85-95F4-711D7D93C27D}.Release|Any CPU.ActiveCfg = Release|Any CPU
		{95C5BCA8-DD75-4B85-95F4-711D7D93C27D}.Release|Any CPU.Build.0 = Release|Any CPU
	EndGlobalSection
	GlobalSection(SolutionProperties) = preSolution
		HideSolutionNode = FALSE
	EndGlobalSection
	GlobalSection(ExtensibilityGlobals) = postSolution
		SolutionGuid = {BDCFE001-17D6-44C3-84E5-29CC59A99E30}
	EndGlobalSection
EndGlobal
